
Microsoft Visual Studio Solution File, Format Version 12.00
# Visual Studio 15
VisualStudioVersion = 15.0.27004.2006
MinimumVisualStudioVersion = 10.0.40219.1
Project("{FAE04EC0-301F-11D3-BF4B-00C04F79EFBC}") = "ProductDAL", "ProductDAL\ProductDAL.csproj", "{59F71551-9A66-4751-870F-082A6B7D43B4}"
EndProject
Project("{FAE04EC0-301F-11D3-BF4B-00C04F79EFBC}") = "ProductDAL.Tests", "ProductDAL.Tests\ProductDAL.Tests.csproj", "{C6B1A1CC-A1FC-422E-9247-69419DC91BE4}"
EndProject
Project("{00D1A9C2-B5F0-4AF3-8072-F6C62B433612}") = "ProductDatabase", "ProductDatabase\ProductDatabase.sqlproj", "{15DCF14B-E1C2-472E-BBD4-CB0FE31C0B61}"
EndProject
Project("{FAE04EC0-301F-11D3-BF4B-00C04F79EFBC}") = "ProductDatabase.Tests", "ProductDatabase.Tests\ProductDatabase.Tests.csproj", "{5338259F-1259-4196-BF62-FDBB688D2702}"
EndProject
Project("{FAE04EC0-301F-11D3-BF4B-00C04F79EFBC}") = "ProductBL", "ProductBL\ProductBL.csproj", "{2654AB0D-6984-419C-B0C8-D4D5CB7E62CF}"
EndProject
Global
	GlobalSection(SolutionConfigurationPlatforms) = preSolution
		Debug|Any CPU = Debug|Any CPU
		Release|Any CPU = Release|Any CPU
	EndGlobalSection
	GlobalSection(ProjectConfigurationPlatforms) = postSolution
		{59F71551-9A66-4751-870F-082A6B7D43B4}.Debug|Any CPU.ActiveCfg = Debug|Any CPU
		{59F71551-9A66-4751-870F-082A6B7D43B4}.Debug|Any CPU.Build.0 = Debug|Any CPU
		{59F71551-9A66-4751-870F-082A6B7D43B4}.Release|Any CPU.ActiveCfg = Release|Any CPU
		{59F71551-9A66-4751-870F-082A6B7D43B4}.Release|Any CPU.Build.0 = Release|Any CPU
		{C6B1A1CC-A1FC-422E-9247-69419DC91BE4}.Debug|Any CPU.ActiveCfg = Debug|Any CPU
		{C6B1A1CC-A1FC-422E-9247-69419DC91BE4}.Debug|Any CPU.Build.0 = Debug|Any CPU
		{C6B1A1CC-A1FC-422E-9247-69419DC91BE4}.Release|Any CPU.ActiveCfg = Release|Any CPU
		{C6B1A1CC-A1FC-422E-9247-69419DC91BE4}.Release|Any CPU.Build.0 = Release|Any CPU
		{15DCF14B-E1C2-472E-BBD4-CB0FE31C0B61}.Debug|Any CPU.ActiveCfg = Debug|Any CPU
		{15DCF14B-E1C2-472E-BBD4-CB0FE31C0B61}.Debug|Any CPU.Build.0 = Debug|Any CPU
		{15DCF14B-E1C2-472E-BBD4-CB0FE31C0B61}.Debug|Any CPU.Deploy.0 = Debug|Any CPU
		{15DCF14B-E1C2-472E-BBD4-CB0FE31C0B61}.Release|Any CPU.ActiveCfg = Release|Any CPU
		{15DCF14B-E1C2-472E-BBD4-CB0FE31C0B61}.Release|Any CPU.Build.0 = Release|Any CPU
		{15DCF14B-E1C2-472E-BBD4-CB0FE31C0B61}.Release|Any CPU.Deploy.0 = Release|Any CPU
		{5338259F-1259-4196-BF62-FDBB688D2702}.Debug|Any CPU.ActiveCfg = Debug|Any CPU
		{5338259F-1259-4196-BF62-FDBB688D2702}.Debug|Any CPU.Build.0 = Debug|Any CPU
		{5338259F-1259-4196-BF62-FDBB688D2702}.Release|Any CPU.ActiveCfg = Release|Any CPU
		{5338259F-1259-4196-BF62-FDBB688D2702}.Release|Any CPU.Build.0 = Release|Any CPU
		{2654AB0D-6984-419C-B0C8-D4D5CB7E62CF}.Debug|Any CPU.ActiveCfg = Debug|Any CPU
		{2654AB0D-6984-419C-B0C8-D4D5CB7E62CF}.Debug|Any CPU.Build.0 = Debug|Any CPU
		{2654AB0D-6984-419C-B0C8-D4D5CB7E62CF}.Release|Any CPU.ActiveCfg = Release|Any CPU
		{2654AB0D-6984-419C-B0C8-D4D5CB7E62CF}.Release|Any CPU.Build.0 = Release|Any CPU
	EndGlobalSection
	GlobalSection(SolutionProperties) = preSolution
		HideSolutionNode = FALSE
	EndGlobalSection
	GlobalSection(ExtensibilityGlobals) = postSolution
		SolutionGuid = {5AF3251B-E742-4AE0-B590-280CD089387B}
	EndGlobalSection
EndGlobal
